
Microsoft Visual Studio Solution File, Format Version 12.00
# Visual Studio Version 16
VisualStudioVersion = 16.0.31911.196
MinimumVisualStudioVersion = 10.0.40219.1
Project("{9A19103F-16F7-4668-BE54-9A1E7A4F7556}") = "PathFinder", "PathFinder\PathFinder.csproj", "{B6D805D4-4C3E-4C2F-A68B-FB1CDC0FBD06}"
EndProject
Project("{9A19103F-16F7-4668-BE54-9A1E7A4F7556}") = "PathFinder.Service", "PathFinder.Service\PathFinder.Service.csproj", "{A7A9A8D5-9A1C-4ED5-8373-B1B8E61DE56E}"
EndProject
Project("{FAE04EC0-301F-11D3-BF4B-00C04F79EFBC}") = "PathFinding.Domain", "PathFinding.Domain\PathFinding.Domain.csproj", "{9FFEC214-3AD3-4844-9291-F1BB1A00DE1E}"
EndProject
Global
	GlobalSection(SolutionConfigurationPlatforms) = preSolution
		Debug|Any CPU = Debug|Any CPU
		Release|Any CPU = Release|Any CPU
	EndGlobalSection
	GlobalSection(ProjectConfigurationPlatforms) = postSolution
		{B6D805D4-4C3E-4C2F-A68B-FB1CDC0FBD06}.Debug|Any CPU.ActiveCfg = Debug|Any CPU
		{B6D805D4-4C3E-4C2F-A68B-FB1CDC0FBD06}.Debug|Any CPU.Build.0 = Debug|Any CPU
		{B6D805D4-4C3E-4C2F-A68B-FB1CDC0FBD06}.Release|Any CPU.ActiveCfg = Release|Any CPU
		{B6D805D4-4C3E-4C2F-A68B-FB1CDC0FBD06}.Release|Any CPU.Build.0 = Release|Any CPU
		{A7A9A8D5-9A1C-4ED5-8373-B1B8E61DE56E}.Debug|Any CPU.ActiveCfg = Debug|Any CPU
		{A7A9A8D5-9A1C-4ED5-8373-B1B8E61DE56E}.Debug|Any CPU.Build.0 = Debug|Any CPU
		{A7A9A8D5-9A1C-4ED5-8373-B1B8E61DE56E}.Release|Any CPU.ActiveCfg = Release|Any CPU
		{A7A9A8D5-9A1C-4ED5-8373-B1B8E61DE56E}.Release|Any CPU.Build.0 = Release|Any CPU
		{9FFEC214-3AD3-4844-9291-F1BB1A00DE1E}.Debug|Any CPU.ActiveCfg = Debug|Any CPU
		{9FFEC214-3AD3-4844-9291-F1BB1A00DE1E}.Debug|Any CPU.Build.0 = Debug|Any CPU
		{9FFEC214-3AD3-4844-9291-F1BB1A00DE1E}.Release|Any CPU.ActiveCfg = Release|Any CPU
		{9FFEC214-3AD3-4844-9291-F1BB1A00DE1E}.Release|Any CPU.Build.0 = Release|Any CPU
	EndGlobalSection
	GlobalSection(SolutionProperties) = preSolution
		HideSolutionNode = FALSE
	EndGlobalSection
	GlobalSection(ExtensibilityGlobals) = postSolution
		SolutionGuid = {D03F8176-3A13-4C16-99C4-99B94AFA9B7E}
	EndGlobalSection
EndGlobal
